
Microsoft Visual Studio Solution File, Format Version 12.00
# Visual Studio Version 16
VisualStudioVersion = 16.0.30128.74
MinimumVisualStudioVersion = 10.0.40219.1
Project("{FAE04EC0-301F-11D3-BF4B-00C04F79EFBC}") = "Server", "Server.csproj", "{30F5BEDC-35AA-4362-AF6D-4B2C0F93EFFF}"
EndProject
Global
	GlobalSection(SolutionConfigurationPlatforms) = preSolution
		Debug|Any CPU = Debug|Any CPU
		Release|Any CPU = Release|Any CPU
	EndGlobalSection
	GlobalSection(ProjectConfigurationPlatforms) = postSolution
		{30F5BEDC-35AA-4362-AF6D-4B2C0F93EFFF}.Debug|Any CPU.ActiveCfg = Debug|Any CPU
		{30F5BEDC-35AA-4362-AF6D-4B2C0F93EFFF}.Debug|Any CPU.Build.0 = Debug|Any CPU
		{30F5BEDC-35AA-4362-AF6D-4B2C0F93EFFF}.Release|Any CPU.ActiveCfg = Release|Any CPU
		{30F5BEDC-35AA-4362-AF6D-4B2C0F93EFFF}.Release|Any CPU.Build.0 = Release|Any CPU
	EndGlobalSection
	GlobalSection(SolutionProperties) = preSolution
		HideSolutionNode = FALSE
	EndGlobalSection
	GlobalSection(ExtensibilityGlobals) = postSolution
		SolutionGuid = {95269092-81C8-452F-9841-F86CB8BE3BE2}
	EndGlobalSection
EndGlobal
